
Microsoft Visual Studio Solution File, Format Version 12.00
# Visual Studio Version 16
VisualStudioVersion = 16.0.28803.352
MinimumVisualStudioVersion = 10.0.40219.1
Project("{FAE04EC0-301F-11D3-BF4B-00C04F79EFBC}") = "StartupApplication", "StartupApplication\StartupApplication.csproj", "{B61F5B54-3A44-4482-813F-751FC7DDB795}"
EndProject
Project("{FAE04EC0-301F-11D3-BF4B-00C04F79EFBC}") = "CurrencyConverter", "CurrencyConverterModule\CurrencyConverter.csproj", "{18A49495-E06E-4800-8788-660565E177A0}"
EndProject
Project("{FAE04EC0-301F-11D3-BF4B-00C04F79EFBC}") = "Core", "Core\Core.csproj", "{E350AD98-1D8F-465C-A6AB-32A32DB664D2}"
EndProject
Project("{FAE04EC0-301F-11D3-BF4B-00C04F79EFBC}") = "CurrencyConverterTest", "CurrencyConverterTest\CurrencyConverterTest.csproj", "{C4A11E25-E9D5-4D04-840E-EDB15D1F2261}"
EndProject
Global
	GlobalSection(SolutionConfigurationPlatforms) = preSolution
		Debug|Any CPU = Debug|Any CPU
		Release|Any CPU = Release|Any CPU
	EndGlobalSection
	GlobalSection(ProjectConfigurationPlatforms) = postSolution
		{B61F5B54-3A44-4482-813F-751FC7DDB795}.Debug|Any CPU.ActiveCfg = Debug|Any CPU
		{B61F5B54-3A44-4482-813F-751FC7DDB795}.Debug|Any CPU.Build.0 = Debug|Any CPU
		{B61F5B54-3A44-4482-813F-751FC7DDB795}.Release|Any CPU.ActiveCfg = Release|Any CPU
		{B61F5B54-3A44-4482-813F-751FC7DDB795}.Release|Any CPU.Build.0 = Release|Any CPU
		{18A49495-E06E-4800-8788-660565E177A0}.Debug|Any CPU.ActiveCfg = Debug|Any CPU
		{18A49495-E06E-4800-8788-660565E177A0}.Debug|Any CPU.Build.0 = Debug|Any CPU
		{18A49495-E06E-4800-8788-660565E177A0}.Release|Any CPU.ActiveCfg = Release|Any CPU
		{18A49495-E06E-4800-8788-660565E177A0}.Release|Any CPU.Build.0 = Release|Any CPU
		{E350AD98-1D8F-465C-A6AB-32A32DB664D2}.Debug|Any CPU.ActiveCfg = Debug|Any CPU
		{E350AD98-1D8F-465C-A6AB-32A32DB664D2}.Debug|Any CPU.Build.0 = Debug|Any CPU
		{E350AD98-1D8F-465C-A6AB-32A32DB664D2}.Release|Any CPU.ActiveCfg = Release|Any CPU
		{E350AD98-1D8F-465C-A6AB-32A32DB664D2}.Release|Any CPU.Build.0 = Release|Any CPU
		{C4A11E25-E9D5-4D04-840E-EDB15D1F2261}.Debug|Any CPU.ActiveCfg = Debug|Any CPU
		{C4A11E25-E9D5-4D04-840E-EDB15D1F2261}.Debug|Any CPU.Build.0 = Debug|Any CPU
		{C4A11E25-E9D5-4D04-840E-EDB15D1F2261}.Release|Any CPU.ActiveCfg = Release|Any CPU
		{C4A11E25-E9D5-4D04-840E-EDB15D1F2261}.Release|Any CPU.Build.0 = Release|Any CPU
	EndGlobalSection
	GlobalSection(SolutionProperties) = preSolution
		HideSolutionNode = FALSE
	EndGlobalSection
	GlobalSection(ExtensibilityGlobals) = postSolution
		SolutionGuid = {506B6575-CAC2-44A8-9C47-02F169572153}
	EndGlobalSection
EndGlobal
